
Microsoft Visual Studio Solution File, Format Version 12.00
# Visual Studio Version 17
VisualStudioVersion = 17.14.37216.2
MinimumVisualStudioVersion = 10.0.40219.1
Project("{FAE04EC0-301F-11D3-BF4B-00C04F79EFBC}") = "Reputaly.API", "Reputaly.Api\Reputaly.API.csproj", "{C24A0878-99B4-4A05-9928-B979FFCE8D47}"
EndProject
Global
	GlobalSection(SolutionConfigurationPlatforms) = preSolution
		Debug|Any CPU = Debug|Any CPU
		Release|Any CPU = Release|Any CPU
	EndGlobalSection
	GlobalSection(ProjectConfigurationPlatforms) = postSolution
		{C24A0878-99B4-4A05-9928-B979FFCE8D47}.Debug|Any CPU.ActiveCfg = Debug|Any CPU
		{C24A0878-99B4-4A05-9928-B979FFCE8D47}.Debug|Any CPU.Build.0 = Debug|Any CPU
		{C24A0878-99B4-4A05-9928-B979FFCE8D47}.Release|Any CPU.ActiveCfg = Release|Any CPU
		{C24A0878-99B4-4A05-9928-B979FFCE8D47}.Release|Any CPU.Build.0 = Release|Any CPU
	EndGlobalSection
	GlobalSection(SolutionProperties) = preSolution
		HideSolutionNode = FALSE
	EndGlobalSection
	GlobalSection(ExtensibilityGlobals) = postSolution
		SolutionGuid = {19231B22-5702-41E1-B9D5-59E9D4F626A3}
	EndGlobalSection
EndGlobal
